
Microsoft Visual Studio Solution File, Format Version 12.00
# Visual Studio 15
VisualStudioVersion = 15.0.27703.2026
MinimumVisualStudioVersion = 10.0.40219.1
Project("{FAE04EC0-301F-11D3-BF4B-00C04F79EFBC}") = "Dominion.Core", "Dominion.Core\Dominion.Core.csproj", "{9417B4C5-9C88-4281-A7F9-13CDBEC9409C}"
EndProject
Global
	GlobalSection(SolutionConfigurationPlatforms) = preSolution
		Debug|Any CPU = Debug|Any CPU
		Release|Any CPU = Release|Any CPU
	EndGlobalSection
	GlobalSection(ProjectConfigurationPlatforms) = postSolution
		{9417B4C5-9C88-4281-A7F9-13CDBEC9409C}.Debug|Any CPU.ActiveCfg = Debug|Any CPU
		{9417B4C5-9C88-4281-A7F9-13CDBEC9409C}.Debug|Any CPU.Build.0 = Debug|Any CPU
		{9417B4C5-9C88-4281-A7F9-13CDBEC9409C}.Release|Any CPU.ActiveCfg = Release|Any CPU
		{9417B4C5-9C88-4281-A7F9-13CDBEC9409C}.Release|Any CPU.Build.0 = Release|Any CPU
	EndGlobalSection
	GlobalSection(SolutionProperties) = preSolution
		HideSolutionNode = FALSE
	EndGlobalSection
	GlobalSection(ExtensibilityGlobals) = postSolution
		SolutionGuid = {097D09D3-FE0D-45E8-B910-84343AB006A3}
	EndGlobalSection
EndGlobal
